
Microsoft Visual Studio Solution File, Format Version 12.00
# Visual Studio Version 17
VisualStudioVersion = 17.10.35013.160
MinimumVisualStudioVersion = 10.0.40219.1
Project("{FAE04EC0-301F-11D3-BF4B-00C04F79EFBC}") = "BankingWebApplication", "BankingWebApplication\BankingWebApplication.csproj", "{F6890BAD-2FE4-417B-B78C-8804987B1133}"
EndProject
Global
	GlobalSection(SolutionConfigurationPlatforms) = preSolution
		Debug|Any CPU = Debug|Any CPU
		Release|Any CPU = Release|Any CPU
	EndGlobalSection
	GlobalSection(ProjectConfigurationPlatforms) = postSolution
		{F6890BAD-2FE4-417B-B78C-8804987B1133}.Debug|Any CPU.ActiveCfg = Debug|Any CPU
		{F6890BAD-2FE4-417B-B78C-8804987B1133}.Debug|Any CPU.Build.0 = Debug|Any CPU
		{F6890BAD-2FE4-417B-B78C-8804987B1133}.Release|Any CPU.ActiveCfg = Release|Any CPU
		{F6890BAD-2FE4-417B-B78C-8804987B1133}.Release|Any CPU.Build.0 = Release|Any CPU
	EndGlobalSection
	GlobalSection(SolutionProperties) = preSolution
		HideSolutionNode = FALSE
	EndGlobalSection
	GlobalSection(ExtensibilityGlobals) = postSolution
		SolutionGuid = {D01AFC62-54CA-43AA-8010-348EB15DB659}
	EndGlobalSection
EndGlobal
